
Microsoft Visual Studio Solution File, Format Version 12.00
# Visual Studio Version 16
VisualStudioVersion = 16.0.31702.278
MinimumVisualStudioVersion = 10.0.40219.1
Project("{F184B08F-C81C-45F6-A57F-5ABD9991F28F}") = "UT4_Actividad2", "UT4_Actividad2\UT4_Actividad2.vbproj", "{F3B51499-737D-4044-B931-9F139369B800}"
EndProject
Global
	GlobalSection(SolutionConfigurationPlatforms) = preSolution
		Debug|Any CPU = Debug|Any CPU
		Release|Any CPU = Release|Any CPU
	EndGlobalSection
	GlobalSection(ProjectConfigurationPlatforms) = postSolution
		{F3B51499-737D-4044-B931-9F139369B800}.Debug|Any CPU.ActiveCfg = Debug|Any CPU
		{F3B51499-737D-4044-B931-9F139369B800}.Debug|Any CPU.Build.0 = Debug|Any CPU
		{F3B51499-737D-4044-B931-9F139369B800}.Release|Any CPU.ActiveCfg = Release|Any CPU
		{F3B51499-737D-4044-B931-9F139369B800}.Release|Any CPU.Build.0 = Release|Any CPU
	EndGlobalSection
	GlobalSection(SolutionProperties) = preSolution
		HideSolutionNode = FALSE
	EndGlobalSection
	GlobalSection(ExtensibilityGlobals) = postSolution
		SolutionGuid = {B1A3906C-6729-4212-9FB8-C569DA19FBBA}
	EndGlobalSection
EndGlobal
